
Microsoft Visual Studio Solution File, Format Version 12.00
# Visual Studio Version 17
VisualStudioVersion = 17.1.32210.238
MinimumVisualStudioVersion = 10.0.40219.1
Project("{9A19103F-16F7-4668-BE54-9A1E7A4F7556}") = "bookstore", "bookstore\bookstore.csproj", "{EE237C11-2D15-49D0-A491-A6E932FED783}"
EndProject
Project("{FAE04EC0-301F-11D3-BF4B-00C04F79EFBC}") = "bookstoreUnitTest", "bookstoreUnitTest\bookstoreUnitTest.csproj", "{9AFEDC31-24E4-4517-BD3B-43B78999DDF2}"
EndProject
Global
	GlobalSection(SolutionConfigurationPlatforms) = preSolution
		Debug|Any CPU = Debug|Any CPU
		Release|Any CPU = Release|Any CPU
	EndGlobalSection
	GlobalSection(ProjectConfigurationPlatforms) = postSolution
		{EE237C11-2D15-49D0-A491-A6E932FED783}.Debug|Any CPU.ActiveCfg = Debug|Any CPU
		{EE237C11-2D15-49D0-A491-A6E932FED783}.Debug|Any CPU.Build.0 = Debug|Any CPU
		{EE237C11-2D15-49D0-A491-A6E932FED783}.Release|Any CPU.ActiveCfg = Release|Any CPU
		{EE237C11-2D15-49D0-A491-A6E932FED783}.Release|Any CPU.Build.0 = Release|Any CPU
		{9AFEDC31-24E4-4517-BD3B-43B78999DDF2}.Debug|Any CPU.ActiveCfg = Debug|Any CPU
		{9AFEDC31-24E4-4517-BD3B-43B78999DDF2}.Debug|Any CPU.Build.0 = Debug|Any CPU
		{9AFEDC31-24E4-4517-BD3B-43B78999DDF2}.Release|Any CPU.ActiveCfg = Release|Any CPU
		{9AFEDC31-24E4-4517-BD3B-43B78999DDF2}.Release|Any CPU.Build.0 = Release|Any CPU
	EndGlobalSection
	GlobalSection(SolutionProperties) = preSolution
		HideSolutionNode = FALSE
	EndGlobalSection
	GlobalSection(ExtensibilityGlobals) = postSolution
		SolutionGuid = {CF4FE515-2E52-4265-B578-9BEBDFBEF769}
	EndGlobalSection
EndGlobal
